
Microsoft Visual Studio Solution File, Format Version 12.00
# Visual Studio Version 17
VisualStudioVersion = 17.5.33502.453
MinimumVisualStudioVersion = 10.0.40219.1
Project("{9A19103F-16F7-4668-BE54-9A1E7A4F7556}") = "QuanLyNhaHangAPI", "QuanLyNhaHangAPI\QuanLyNhaHangAPI.csproj", "{3122DCE4-484E-493B-B089-86C552486709}"
EndProject
Project("{FAE04EC0-301F-11D3-BF4B-00C04F79EFBC}") = "Infra.Persistence", "Infra.Persistence\Infra.Persistence.csproj", "{13032C5E-08ED-4147-8C47-F317B05C3D6B}"
EndProject
Global
	GlobalSection(SolutionConfigurationPlatforms) = preSolution
		Debug|Any CPU = Debug|Any CPU
		Release|Any CPU = Release|Any CPU
	EndGlobalSection
	GlobalSection(ProjectConfigurationPlatforms) = postSolution
		{3122DCE4-484E-493B-B089-86C552486709}.Debug|Any CPU.ActiveCfg = Debug|Any CPU
		{3122DCE4-484E-493B-B089-86C552486709}.Debug|Any CPU.Build.0 = Debug|Any CPU
		{3122DCE4-484E-493B-B089-86C552486709}.Release|Any CPU.ActiveCfg = Release|Any CPU
		{3122DCE4-484E-493B-B089-86C552486709}.Release|Any CPU.Build.0 = Release|Any CPU
		{13032C5E-08ED-4147-8C47-F317B05C3D6B}.Debug|Any CPU.ActiveCfg = Debug|Any CPU
		{13032C5E-08ED-4147-8C47-F317B05C3D6B}.Debug|Any CPU.Build.0 = Debug|Any CPU
		{13032C5E-08ED-4147-8C47-F317B05C3D6B}.Release|Any CPU.ActiveCfg = Release|Any CPU
		{13032C5E-08ED-4147-8C47-F317B05C3D6B}.Release|Any CPU.Build.0 = Release|Any CPU
	EndGlobalSection
	GlobalSection(SolutionProperties) = preSolution
		HideSolutionNode = FALSE
	EndGlobalSection
	GlobalSection(ExtensibilityGlobals) = postSolution
		SolutionGuid = {1257D226-CAEB-4341-8EFF-9774C211EFF1}
	EndGlobalSection
EndGlobal
